
Microsoft Visual Studio Solution File, Format Version 12.00
# Visual Studio Version 17
VisualStudioVersion = 17.11.35303.130
MinimumVisualStudioVersion = 10.0.40219.1
Project("{FAE04EC0-301F-11D3-BF4B-00C04F79EFBC}") = "HMS", "HMS.csproj", "{1A765BDA-BAD6-48A4-B9AA-1DCBD6C968EB}"
EndProject
Global
	GlobalSection(SolutionConfigurationPlatforms) = preSolution
		Debug|Any CPU = Debug|Any CPU
		Release|Any CPU = Release|Any CPU
	EndGlobalSection
	GlobalSection(ProjectConfigurationPlatforms) = postSolution
		{1A765BDA-BAD6-48A4-B9AA-1DCBD6C968EB}.Debug|Any CPU.ActiveCfg = Debug|Any CPU
		{1A765BDA-BAD6-48A4-B9AA-1DCBD6C968EB}.Debug|Any CPU.Build.0 = Debug|Any CPU
		{1A765BDA-BAD6-48A4-B9AA-1DCBD6C968EB}.Release|Any CPU.ActiveCfg = Release|Any CPU
		{1A765BDA-BAD6-48A4-B9AA-1DCBD6C968EB}.Release|Any CPU.Build.0 = Release|Any CPU
	EndGlobalSection
	GlobalSection(SolutionProperties) = preSolution
		HideSolutionNode = FALSE
	EndGlobalSection
	GlobalSection(ExtensibilityGlobals) = postSolution
		SolutionGuid = {26674FA4-FB9E-49F1-91B1-EBCC51A8BBA1}
	EndGlobalSection
EndGlobal
